// !$*UTF8*$!
{
	archiveVersion = 1;
	classes = {
	};
	objectVersion = 46;
	objects = {

/* Begin PBXBuildFile section */
		64DB627F1EB30EB6005B70BE /* main.m in Sources */ = {isa = PBXBuildFile; fileRef = 64DB627E1EB30EB6005B70BE /* main.m */; };
		64DB62821EB30EB6005B70BE /* AppDelegate.m in Sources */ = {isa = PBXBuildFile; fileRef = 64DB62811EB30EB6005B70BE /* AppDelegate.m */; };
		64DB62851EB30EB6005B70BE /* ViewController.m in Sources */ = {isa = PBXBuildFile; fileRef = 64DB62841EB30EB6005B70BE /* ViewController.m */; };
		64DB62881EB30EB6005B70BE /* Main.storyboard in Resources */ = {isa = PBXBuildFile; fileRef = 64DB62861EB30EB6005B70BE /* Main.storyboard */; };
		64DB628A1EB30EB6005B70BE /* Assets.xcassets in Resources */ = {isa = PBXBuildFile; fileRef = 64DB62891EB30EB6005B70BE /* Assets.xcassets */; };
		64DB628D1EB30EB6005B70BE /* LaunchScreen.storyboard in Resources */ = {isa = PBXBuildFile; fileRef = 64DB628B1EB30EB6005B70BE /* LaunchScreen.storyboard */; };
/* End PBXBuildFile section */

/* Begin PBXFileReference section */
		64DB627A1EB30EB6005B70BE /* TableView.app */ = {isa = PBXFileReference; explicitFileType = wrapper.application; includeInIndex = 0; path = TableView.app; sourceTree = BUILT_PRODUCTS_DIR; };
		64DB627E1EB30EB6005B70BE /* main.m */ = {isa = PBXFileReference; lastKnownFileType = sourcecode.c.objc; path = main.m; sourceTree = "<group>"; };
		64DB62801EB30EB6005B70BE /* AppDelegate.h */ = {isa = PBXFileReference; lastKnownFileType = sourcecode.c.h; path = AppDelegate.h; sourceTree = "<group>"; };
		64DB62811EB30EB6005B70BE /* AppDelegate.m */ = {isa = PBXFileReference; lastKnownFileType = sourcecode.c.objc; path = AppDelegate.m; sourceTree = "<group>"; };
		64DB62831EB30EB6005B70BE /* ViewController.h */ = {isa = PBXFileReference; lastKnownFileType = sourcecode.c.h; path = ViewController.h; sourceTree = "<group>"; };
		64DB62841EB30EB6005B70BE /* ViewController.m */ = {isa = PBXFileReference; lastKnownFileType = sourcecode.c.objc; path = ViewController.m; sourceTree = "<group>"; };
		64DB62871EB30EB6005B70BE /* Base */ = {isa = PBXFileReference; lastKnownFileType = file.storyboard; name = Base; path = Base.lproj/Main.storyboard; sourceTree = "<group>"; };
		64DB62891EB30EB6005B70BE /* Assets.xcassets */ = {isa = PBXFileReference; lastKnownFileType = folder.assetcatalog; path = Assets.xcassets; sourceTree = "<group>"; };
		64DB628C1EB30EB6005B70BE /* Base */ = {isa = PBXFileReference; lastKnownFileType = file.storyboard; name = Base; path = Base.lproj/LaunchScreen.storyboard; sourceTree = "<group>"; };
		64DB628E1EB30EB6005B70BE /* Info.plist */ = {isa = PBXFileReference; lastKnownFileType = text.plist.xml; path = Info.plist; sourceTree = "<group>"; };
/* End PBXFileReference section */

/* Begin PBXFrameworksBuildPhase section */
		64DB62771EB30EB6005B70BE /* Frameworks */ = {
			isa = PBXFrameworksBuildPhase;
			buildActionMask = 2147483647;
			files = (
			);
			runOnlyForDeploymentPostprocessing = 0;
		};
/* End PBXFrameworksBuildPhase section */

/* Begin PBXGroup section */
		64DB62711EB30EB5005B70BE = {
			isa = PBXGroup;
			children = (
				64DB627C1EB30EB6005B70BE /* TableView */,
				64DB627B1EB30EB6005B70BE /* Products */,
			);
			sourceTree = "<group>";
		};
		64DB627B1EB30EB6005B70BE /* Products */ = {
			isa = PBXGroup;
			children = (
				64DB627A1EB30EB6005B70BE /* TableView.app */,
			);
			name = Products;
			sourceTree = "<group>";
		};
		64DB627C1EB30EB6005B70BE /* TableView */ = {
			isa = PBXGroup;
			children = (
				64DB62801EB30EB6005B70BE /* AppDelegate.h */,
				64DB62811EB30EB6005B70BE /* AppDelegate.m */,
				64DB62831EB30EB6005B70BE /* ViewController.h */,
				64DB62841EB30EB6005B70BE /* ViewController.m */,
				64DB62861EB30EB6005B70BE /* Main.storyboard */,
				64DB62891EB30EB6005B70BE /* Assets.xcassets */,
				64DB628B1EB30EB6005B70BE /* LaunchScreen.storyboard */,
				64DB628E1EB30EB6005B70BE /* Info.plist */,
				64DB627D1EB30EB6005B70BE /* Supporting Files */,
			);
			path = TableView;
			sourceTree = "<group>";
		};
		64DB627D1EB30EB6005B70BE /* Supporting Files */ = {
			isa = PBXGroup;
			children = (
				64DB627E1EB30EB6005B70BE /* main.m */,
			);
			name = "Supporting Files";
			sourceTree = "<group>";
		};
/* End PBXGroup section */

/* Begin PBXNativeTarget section */
		64DB62791EB30EB6005B70BE /* TableView */ = {
			isa = PBXNativeTarget;
			buildConfigurationList = 64DB62911EB30EB6005B70BE /* Build configuration list for PBXNativeTarget "TableView" */;
			buildPhases = (
				64DB62761EB30EB6005B70BE /* Sources */,
				64DB62771EB30EB6005B70BE /* Frameworks */,
				64DB62781EB30EB6005B70BE /* Resources */,
			);
			buildRules = (
			);
			dependencies = (
			);
			name = TableView;
			productName = TableView;
			productReference = 64DB627A1EB30EB6005B70BE /* TableView.app */;
			productType = "com.apple.product-type.application";
		};
/* End PBXNativeTarget section */

/* Begin PBXProject section */
		64DB62721EB30EB5005B70BE /* Project object */ = {
			isa = PBXProject;
			attributes = {
				LastUpgradeCheck = 0830;
				ORGANIZATIONNAME = "Samir Guerdah";
				TargetAttributes = {
					64DB62791EB30EB6005B70BE = {
						CreatedOnToolsVersion = 8.3;
						ProvisioningStyle = Automatic;
					};
				};
			};
			buildConfigurationList = 64DB62751EB30EB5005B70BE /* Build configuration list for PBXProject "TableView" */;
			compatibilityVersion = "Xcode 3.2";
			developmentRegion = English;
			hasScannedForEncodings = 0;
			knownRegions = (
				en,
				Base,
			);
			mainGroup = 64DB62711EB30EB5005B70BE;
			productRefGroup = 64DB627B1EB30EB6005B70BE /* Products */;
			projectDirPath = "";
			projectRoot = "";
			targets = (
				64DB62791EB30EB6005B70BE /* TableView */,
			);
		};
/* End PBXProject section */

/* Begin PBXResourcesBuildPhase section */
		64DB62781EB30EB6005B70BE /* Resources */ = {
			isa = PBXResourcesBuildPhase;
			buildActionMask = 2147483647;
			files = (
				64DB628D1EB30EB6005B70BE /* LaunchScreen.storyboard in Resources */,
				64DB628A1EB30EB6005B70BE /* Assets.xcassets in Resources */,
				64DB62881EB30EB6005B70BE /* Main.storyboard in Resources */,
			);
			runOnlyForDeploymentPostprocessing = 0;
		};
/* End PBXResourcesBuildPhase section */

/* Begin PBXSourcesBuildPhase section */
		64DB62761EB30EB6005B70BE /* Sources */ = {
			isa = PBXSourcesBuildPhase;
			buildActionMask = 2147483647;
			files = (
				64DB62851EB30EB6005B70BE /* ViewController.m in Sources */,
				64DB62821EB30EB6005B70BE /* AppDelegate.m in Sources */,
				64DB627F1EB30EB6005B70BE /* main.m in Sources */,
			);
			runOnlyForDeploymentPostprocessing = 0;
		};
/* End PBXSourcesBuildPhase section */

/* Begin PBXVariantGroup section */
		64DB62861EB30EB6005B70BE /* Main.storyboard */ = {
			isa = PBXVariantGroup;
			children = (
				64DB62871EB30EB6005B70BE /* Base */,
			);
			name = Main.storyboard;
			sourceTree = "<group>";
		};
		64DB628B1EB30EB6005B70BE /* LaunchScreen.storyboard */ = {
			isa = PBXVariantGroup;
			children = (
				64DB628C1EB30EB6005B70BE /* Base */,
			);
			name = LaunchScreen.storyboard;
			sourceTree = "<group>";
		};
/* End PBXVariantGroup section */

/* Begin XCBuildConfiguration section */
		64DB628F1EB30EB6005B70BE /* Debug */ = {
			isa = XCBuildConfiguration;
			buildSettings = {
				ALWAYS_SEARCH_USER_PATHS = NO;
				CLANG_ANALYZER_NONNULL = YES;
				CLANG_ANALYZER_NUMBER_OBJECT_CONVERSION = YES_AGGRESSIVE;
				CLANG_CXX_LANGUAGE_STANDARD = "gnu++0x";
				CLANG_CXX_LIBRARY = "libc++";
				CLANG_ENABLE_MODULES = YES;
				CLANG_ENABLE_OBJC_ARC = YES;
				CLANG_WARN_BOOL_CONVERSION = YES;
				CLANG_WARN_CONSTANT_CONVERSION = YES;
				CLANG_WARN_DIRECT_OBJC_ISA_USAGE = YES_ERROR;
				CLANG_WARN_DOCUMENTATION_COMMENTS = YES;
				CLANG_WARN_EMPTY_BODY = YES;
				CLANG_WARN_ENUM_CONVERSION = YES;
				CLANG_WARN_INFINITE_RECURSION = YES;
				CLANG_WARN_INT_CONVERSION = YES;
				CLANG_WARN_OBJC_ROOT_CLASS = YES_ERROR;
				CLANG_WARN_SUSPICIOUS_MOVE = YES;
				CLANG_WARN_UNREACHABLE_CODE = YES;
				CLANG_WARN__DUPLICATE_METHOD_MATCH = YES;
				"CODE_SIGN_IDENTITY[sdk=iphoneos*]" = "iPhone Developer";
				COPY_PHASE_STRIP = NO;
				DEBUG_INFORMATION_FORMAT = dwarf;
				ENABLE_STRICT_OBJC_MSGSEND = YES;
				ENABLE_TESTABILITY = YES;
				GCC_C_LANGUAGE_STANDARD = gnu99;
				GCC_DYNAMIC_NO_PIC = NO;
				GCC_NO_COMMON_BLOCKS = YES;
				GCC_OPTIMIZATION_LEVEL = 0;
				GCC_PREPROCESSOR_DEFINITIONS = (
					"DEBUG=1",
					"$(inherited)",
				);
				GCC_WARN_64_TO_32_BIT_CONVERSION = YES;
				GCC_WARN_ABOUT_RETURN_TYPE = YES_ERROR;
				GCC_WARN_UNDECLARED_SELECTOR = YES;
				GCC_WARN_UNINITIALIZED_AUTOS = YES_AGGRESSIVE;
				GCC_WARN_UNUSED_FUNCTION = YES;
				GCC_WARN_UNUSED_VARIABLE = YES;
				IPHONEOS_DEPLOYMENT_TARGET = 10.3;
				MTL_ENABLE_DEBUG_INFO = YES;
				ONLY_ACTIVE_ARCH = YES;
				SDKROOT = iphoneos;
				TARGETED_DEVICE_FAMILY = "1,2";
			};
			name = Debug;
		};
		64DB62901EB30EB6005B70BE /* Release */ = {
			isa = XCBuildConfiguration;
			buildSettings = {
				ALWAYS_SEARCH_USER_PATHS = NO;
				CLANG_ANALYZER_NONNULL = YES;
				CLANG_ANALYZER_NUMBER_OBJECT_CONVERSION = YES_AGGRESSIVE;
				CLANG_CXX_LANGUAGE_STANDARD = "gnu++0x";
				CLANG_CXX_LIBRARY = "libc++";
				CLANG_ENABLE_MODULES = YES;
				CLANG_ENABLE_OBJC_ARC = YES;
				CLANG_WARN_BOOL_CONVERSION = YES;
				CLANG_WARN_CONSTANT_CONVERSION = YES;
				CLANG_WARN_DIRECT_OBJC_ISA_USAGE = YES_ERROR;
				CLANG_WARN_DOCUMENTATION_COMMENTS = YES;
				CLANG_WARN_EMPTY_BODY = YES;
				CLANG_WARN_ENUM_CONVERSION = YES;
				CLANG_WARN_INFINITE_RECURSION = YES;
				CLANG_WARN_INT_CONVERSION = YES;
				CLANG_WARN_OBJC_ROOT_CLASS = YES_ERROR;
				CLANG_WARN_SUSPICIOUS_MOVE = YES;
				CLANG_WARN_UNREACHABLE_CODE = YES;
				CLANG_WARN__DUPLICATE_METHOD_MATCH = YES;
				"CODE_SIGN_IDENTITY[sdk=iphoneos*]" = "iPhone Developer";
				COPY_PHASE_STRIP = NO;
				DEBUG_INFORMATION_FORMAT = "dwarf-with-dsym";
				ENABLE_NS_ASSERTIONS = NO;
				ENABLE_STRICT_OBJC_MSGSEND = YES;
				GCC_C_LANGUAGE_STANDARD = gnu99;
				GCC_NO_COMMON_BLOCKS = YES;
				GCC_WARN_64_TO_32_BIT_CONVERSION = YES;
				GCC_WARN_ABOUT_RETURN_TYPE = YES_ERROR;
				GCC_WARN_UNDECLARED_SELECTOR = YES;
				GCC_WARN_UNINITIALIZED_AUTOS = YES_AGGRESSIVE;
				GCC_WARN_UNUSED_FUNCTION = YES;
				GCC_WARN_UNUSED_VARIABLE = YES;
				IPHONEOS_DEPLOYMENT_TARGET = 10.3;
				MTL_ENABLE_DEBUG_INFO = NO;
				SDKROOT = iphoneos;
				TARGETED_DEVICE_FAMILY = "1,2";
				VALIDATE_PRODUCT = YES;
			};
			name = Release;
		};
		64DB62921EB30EB6005B70BE /* Debug */ = {
			isa = XCBuildConfiguration;
			buildSettings = {
				ASSETCATALOG_COMPILER_APPICON_NAME = AppIcon;
				INFOPLIST_FILE = TableView/Info.plist;
				LD_RUNPATH_SEARCH_PATHS = "$(inherited) @executable_path/Frameworks";
				PRODUCT_BUNDLE_IDENTIFIER = com.guerdah.TableView;
				PRODUCT_NAME = "$(TARGET_NAME)";
			};
			name = Debug;
		};
		64DB62931EB30EB6005B70BE /* Release */ = {
			isa = XCBuildConfiguration;
			buildSettings = {
				ASSETCATALOG_COMPILER_APPICON_NAME = AppIcon;
				INFOPLIST_FILE = TableView/Info.plist;
				LD_RUNPATH_SEARCH_PATHS = "$(inherited) @executable_path/Frameworks";
				PRODUCT_BUNDLE_IDENTIFIER = com.guerdah.TableView;
				PRODUCT_NAME = "$(TARGET_NAME)";
			};
			name = Release;
		};
/* End XCBuildConfiguration section */

/* Begin XCConfigurationList section */
		64DB62751EB30EB5005B70BE /* Build configuration list for PBXProject "TableView" */ = {
			isa = XCConfigurationList;
			buildConfigurations = (
				64DB628F1EB30EB6005B70BE /* Debug */,
				64DB62901EB30EB6005B70BE /* Release */,
			);
			defaultConfigurationIsVisible = 0;
			defaultConfigurationName = Release;
		};
		64DB62911EB30EB6005B70BE /* Build configuration list for PBXNativeTarget "TableView" */ = {
			isa = XCConfigurationList;
			buildConfigurations = (
				64DB62921EB30EB6005B70BE /* Debug */,
				64DB62931EB30EB6005B70BE /* Release */,
			);
			defaultConfigurationIsVisible = 0;
		};
/* End XCConfigurationList section */
	};
	rootObject = 64DB62721EB30EB5005B70BE /* Project object */;
}
